
Microsoft Visual Studio Solution File, Format Version 12.00
# Visual Studio Version 17
VisualStudioVersion = 17.6.33723.286
MinimumVisualStudioVersion = 10.0.40219.1
Project("{FAE04EC0-301F-11D3-BF4B-00C04F79EFBC}") = "First", "First\First.csproj", "{3CC32078-8B9A-4706-84AF-7D0FF0DC46EE}"
EndProject
Global
	GlobalSection(SolutionConfigurationPlatforms) = preSolution
		Debug|Any CPU = Debug|Any CPU
		Release|Any CPU = Release|Any CPU
	EndGlobalSection
	GlobalSection(ProjectConfigurationPlatforms) = postSolution
		{3CC32078-8B9A-4706-84AF-7D0FF0DC46EE}.Debug|Any CPU.ActiveCfg = Debug|Any CPU
		{3CC32078-8B9A-4706-84AF-7D0FF0DC46EE}.Debug|Any CPU.Build.0 = Debug|Any CPU
		{3CC32078-8B9A-4706-84AF-7D0FF0DC46EE}.Release|Any CPU.ActiveCfg = Release|Any CPU
		{3CC32078-8B9A-4706-84AF-7D0FF0DC46EE}.Release|Any CPU.Build.0 = Release|Any CPU
	EndGlobalSection
	GlobalSection(SolutionProperties) = preSolution
		HideSolutionNode = FALSE
	EndGlobalSection
	GlobalSection(ExtensibilityGlobals) = postSolution
		SolutionGuid = {DD6F0BA9-466B-4582-BF9C-ACDF2AB15404}
	EndGlobalSection
EndGlobal
